
Microsoft Visual Studio Solution File, Format Version 12.00
# Visual Studio 2013
VisualStudioVersion = 12.0.40629.0
MinimumVisualStudioVersion = 10.0.40219.1
Project("{8BC9CEB8-8B4A-11D0-8D11-00A0C91BC942}") = "minifilterScanner", "minifilterScanner\minifilterScanner.vcxproj", "{3B63041F-D654-4F20-AE76-CAC13F8B6C11}"
EndProject
Project("{8BC9CEB8-8B4A-11D0-8D11-00A0C91BC942}") = "minifilterScanner Package", "minifilterScanner Package\minifilterScanner Package.vcxproj", "{D4907C61-3284-44FB-838F-F1B22740A50A}"
	ProjectSection(ProjectDependencies) = postProject
		{3B63041F-D654-4F20-AE76-CAC13F8B6C11} = {3B63041F-D654-4F20-AE76-CAC13F8B6C11}
	EndProjectSection
EndProject
Global
	GlobalSection(SolutionConfigurationPlatforms) = preSolution
		Win7 Debug|Win32 = Win7 Debug|Win32
		Win7 Debug|x64 = Win7 Debug|x64
		Win7 Release|Win32 = Win7 Release|Win32
		Win7 Release|x64 = Win7 Release|x64
		Win8 Debug|Win32 = Win8 Debug|Win32
		Win8 Debug|x64 = Win8 Debug|x64
		Win8 Release|Win32 = Win8 Release|Win32
		Win8 Release|x64 = Win8 Release|x64
		Win8.1 Debug|Win32 = Win8.1 Debug|Win32
		Win8.1 Debug|x64 = Win8.1 Debug|x64
		Win8.1 Release|Win32 = Win8.1 Release|Win32
		Win8.1 Release|x64 = Win8.1 Release|x64
	EndGlobalSection
	GlobalSection(ProjectConfigurationPlatforms) = postSolution
		{3B63041F-D654-4F20-AE76-CAC13F8B6C11}.Win7 Debug|Win32.ActiveCfg = Win7 Debug|Win32
		{3B63041F-D654-4F20-AE76-CAC13F8B6C11}.Win7 Debug|Win32.Build.0 = Win7 Debug|Win32
		{3B63041F-D654-4F20-AE76-CAC13F8B6C11}.Win7 Debug|Win32.Deploy.0 = Win7 Debug|Win32
		{3B63041F-D654-4F20-AE76-CAC13F8B6C11}.Win7 Debug|x64.ActiveCfg = Win7 Debug|x64
		{3B63041F-D654-4F20-AE76-CAC13F8B6C11}.Win7 Debug|x64.Build.0 = Win7 Debug|x64
		{3B63041F-D654-4F20-AE76-CAC13F8B6C11}.Win7 Debug|x64.Deploy.0 = Win7 Debug|x64
		{3B63041F-D654-4F20-AE76-CAC13F8B6C11}.Win7 Release|Win32.ActiveCfg = Win7 Release|Win32
		{3B63041F-D654-4F20-AE76-CAC13F8B6C11}.Win7 Release|Win32.Build.0 = Win7 Release|Win32
		{3B63041F-D654-4F20-AE76-CAC13F8B6C11}.Win7 Release|Win32.Deploy.0 = Win7 Release|Win32
		{3B63041F-D654-4F20-AE76-CAC13F8B6C11}.Win7 Release|x64.ActiveCfg = Win7 Release|x64
		{3B63041F-D654-4F20-AE76-CAC13F8B6C11}.Win7 Release|x64.Build.0 = Win7 Release|x64
		{3B63041F-D654-4F20-AE76-CAC13F8B6C11}.Win7 Release|x64.Deploy.0 = Win7 Release|x64
		{3B63041F-D654-4F20-AE76-CAC13F8B6C11}.Win8 Debug|Win32.ActiveCfg = Win8 Debug|Win32
		{3B63041F-D654-4F20-AE76-CAC13F8B6C11}.Win8 Debug|Win32.Build.0 = Win8 Debug|Win32
		{3B63041F-D654-4F20-AE76-CAC13F8B6C11}.Win8 Debug|Win32.Deploy.0 = Win8 Debug|Win32
		{3B63041F-D654-4F20-AE76-CAC13F8B6C11}.Win8 Debug|x64.ActiveCfg = Win8 Debug|x64
		{3B63041F-D654-4F20-AE76-CAC13F8B6C11}.Win8 Debug|x64.Build.0 = Win8 Debug|x64
		{3B63041F-D654-4F20-AE76-CAC13F8B6C11}.Win8 Debug|x64.Deploy.0 = Win8 Debug|x64
		{3B63041F-D654-4F20-AE76-CAC13F8B6C11}.Win8 Release|Win32.ActiveCfg = Win8 Release|Win32
		{3B63041F-D654-4F20-AE76-CAC13F8B6C11}.Win8 Release|Win32.Build.0 = Win8 Release|Win32
		{3B63041F-D654-4F20-AE76-CAC13F8B6C11}.Win8 Release|Win32.Deploy.0 = Win8 Release|Win32
		{3B63041F-D654-4F20-AE76-CAC13F8B6C11}.Win8 Release|x64.ActiveCfg = Win8 Release|x64
		{3B63041F-D654-4F20-AE76-CAC13F8B6C11}.Win8 Release|x64.Build.0 = Win8 Release|x64
		{3B63041F-D654-4F20-AE76-CAC13F8B6C11}.Win8 Release|x64.Deploy.0 = Win8 Release|x64
		{3B63041F-D654-4F20-AE76-CAC13F8B6C11}.Win8.1 Debug|Win32.ActiveCfg = Win8.1 Debug|Win32
		{3B63041F-D654-4F20-AE76-CAC13F8B6C11}.Win8.1 Debug|Win32.Build.0 = Win8.1 Debug|Win32
		{3B63041F-D654-4F20-AE76-CAC13F8B6C11}.Win8.1 Debug|Win32.Deploy.0 = Win8.1 Debug|Win32
		{3B63041F-D654-4F20-AE76-CAC13F8B6C11}.Win8.1 Debug|x64.ActiveCfg = Win8.1 Debug|x64
		{3B63041F-D654-4F20-AE76-CAC13F8B6C11}.Win8.1 Debug|x64.Build.0 = Win8.1 Debug|x64
		{3B63041F-D654-4F20-AE76-CAC13F8B6C11}.Win8.1 Debug|x64.Deploy.0 = Win8.1 Debug|x64
		{3B63041F-D654-4F20-AE76-CAC13F8B6C11}.Win8.1 Release|Win32.ActiveCfg = Win8.1 Release|Win32
		{3B63041F-D654-4F20-AE76-CAC13F8B6C11}.Win8.1 Release|Win32.Build.0 = Win8.1 Release|Win32
		{3B63041F-D654-4F20-AE76-CAC13F8B6C11}.Win8.1 Release|Win32.Deploy.0 = Win8.1 Release|Win32
		{3B63041F-D654-4F20-AE76-CAC13F8B6C11}.Win8.1 Release|x64.ActiveCfg = Win8.1 Release|x64
		{3B63041F-D654-4F20-AE76-CAC13F8B6C11}.Win8.1 Release|x64.Build.0 = Win8.1 Release|x64
		{3B63041F-D654-4F20-AE76-CAC13F8B6C11}.Win8.1 Release|x64.Deploy.0 = Win8.1 Release|x64
		{D4907C61-3284-44FB-838F-F1B22740A50A}.Win7 Debug|Win32.ActiveCfg = Win7 Debug|Win32
		{D4907C61-3284-44FB-838F-F1B22740A50A}.Win7 Debug|Win32.Build.0 = Win7 Debug|Win32
		{D4907C61-3284-44FB-838F-F1B22740A50A}.Win7 Debug|Win32.Deploy.0 = Win7 Debug|Win32
		{D4907C61-3284-44FB-838F-F1B22740A50A}.Win7 Debug|x64.ActiveCfg = Win7 Debug|x64
		{D4907C61-3284-44FB-838F-F1B22740A50A}.Win7 Debug|x64.Build.0 = Win7 Debug|x64
		{D4907C61-3284-44FB-838F-F1B22740A50A}.Win7 Debug|x64.Deploy.0 = Win7 Debug|x64
		{D4907C61-3284-44FB-838F-F1B22740A50A}.Win7 Release|Win32.ActiveCfg = Win7 Release|Win32
		{D4907C61-3284-44FB-838F-F1B22740A50A}.Win7 Release|Win32.Build.0 = Win7 Release|Win32
		{D4907C61-3284-44FB-838F-F1B22740A50A}.Win7 Release|Win32.Deploy.0 = Win7 Release|Win32
		{D4907C61-3284-44FB-838F-F1B22740A50A}.Win7 Release|x64.ActiveCfg = Win7 Release|x64
		{D4907C61-3284-44FB-838F-F1B22740A50A}.Win7 Release|x64.Build.0 = Win7 Release|x64
		{D4907C61-3284-44FB-838F-F1B22740A50A}.Win7 Release|x64.Deploy.0 = Win7 Release|x64
		{D4907C61-3284-44FB-838F-F1B22740A50A}.Win8 Debug|Win32.ActiveCfg = Win8 Debug|Win32
		{D4907C61-3284-44FB-838F-F1B22740A50A}.Win8 Debug|Win32.Build.0 = Win8 Debug|Win32
		{D4907C61-3284-44FB-838F-F1B22740A50A}.Win8 Debug|Win32.Deploy.0 = Win8 Debug|Win32
		{D4907C61-3284-44FB-838F-F1B22740A50A}.Win8 Debug|x64.ActiveCfg = Win8 Debug|x64
		{D4907C61-3284-44FB-838F-F1B22740A50A}.Win8 Debug|x64.Build.0 = Win8 Debug|x64
		{D4907C61-3284-44FB-838F-F1B22740A50A}.Win8 Debug|x64.Deploy.0 = Win8 Debug|x64
		{D4907C61-3284-44FB-838F-F1B22740A50A}.Win8 Release|Win32.ActiveCfg = Win8 Release|Win32
		{D4907C61-3284-44FB-838F-F1B22740A50A}.Win8 Release|Win32.Build.0 = Win8 Release|Win32
		{D4907C61-3284-44FB-838F-F1B22740A50A}.Win8 Release|Win32.Deploy.0 = Win8 Release|Win32
		{D4907C61-3284-44FB-838F-F1B22740A50A}.Win8 Release|x64.ActiveCfg = Win8 Release|x64
		{D4907C61-3284-44FB-838F-F1B22740A50A}.Win8 Release|x64.Build.0 = Win8 Release|x64
		{D4907C61-3284-44FB-838F-F1B22740A50A}.Win8 Release|x64.Deploy.0 = Win8 Release|x64
		{D4907C61-3284-44FB-838F-F1B22740A50A}.Win8.1 Debug|Win32.ActiveCfg = Win8.1 Debug|Win32
		{D4907C61-3284-44FB-838F-F1B22740A50A}.Win8.1 Debug|Win32.Build.0 = Win8.1 Debug|Win32
		{D4907C61-3284-44FB-838F-F1B22740A50A}.Win8.1 Debug|Win32.Deploy.0 = Win8.1 Debug|Win32
		{D4907C61-3284-44FB-838F-F1B22740A50A}.Win8.1 Debug|x64.ActiveCfg = Win8.1 Debug|x64
		{D4907C61-3284-44FB-838F-F1B22740A50A}.Win8.1 Debug|x64.Build.0 = Win8.1 Debug|x64
		{D4907C61-3284-44FB-838F-F1B22740A50A}.Win8.1 Debug|x64.Deploy.0 = Win8.1 Debug|x64
		{D4907C61-3284-44FB-838F-F1B22740A50A}.Win8.1 Release|Win32.ActiveCfg = Win8.1 Release|Win32
		{D4907C61-3284-44FB-838F-F1B22740A50A}.Win8.1 Release|Win32.Build.0 = Win8.1 Release|Win32
		{D4907C61-3284-44FB-838F-F1B22740A50A}.Win8.1 Release|Win32.Deploy.0 = Win8.1 Release|Win32
		{D4907C61-3284-44FB-838F-F1B22740A50A}.Win8.1 Release|x64.ActiveCfg = Win8.1 Release|x64
		{D4907C61-3284-44FB-838F-F1B22740A50A}.Win8.1 Release|x64.Build.0 = Win8.1 Release|x64
		{D4907C61-3284-44FB-838F-F1B22740A50A}.Win8.1 Release|x64.Deploy.0 = Win8.1 Release|x64
	EndGlobalSection
	GlobalSection(SolutionProperties) = preSolution
		HideSolutionNode = FALSE
	EndGlobalSection
EndGlobal
